// !$*UTF8*$!
{
	archiveVersion = 1;
	classes = {
	};
	objectVersion = 50;
	objects = {

/* Begin PBXBuildFile section */
		701F649A26CE60A7008210B9 /* test.hmap in Resources */ = {isa = PBXBuildFile; fileRef = 701F649926CE60A7008210B9 /* test.hmap */; };
		705281E62642BCFD00EADA30 /* AppDelegate.swift in Sources */ = {isa = PBXBuildFile; fileRef = 705281E52642BCFD00EADA30 /* AppDelegate.swift */; };
		705281E82642BCFD00EADA30 /* SceneDelegate.swift in Sources */ = {isa = PBXBuildFile; fileRef = 705281E72642BCFD00EADA30 /* SceneDelegate.swift */; };
		705281ED2642BCFD00EADA30 /* Main.storyboard in Resources */ = {isa = PBXBuildFile; fileRef = 705281EB2642BCFD00EADA30 /* Main.storyboard */; };
		705281EF2642BD0000EADA30 /* Assets.xcassets in Resources */ = {isa = PBXBuildFile; fileRef = 705281EE2642BD0000EADA30 /* Assets.xcassets */; };
		705281F22642BD0000EADA30 /* LaunchScreen.storyboard in Resources */ = {isa = PBXBuildFile; fileRef = 705281F02642BD0000EADA30 /* LaunchScreen.storyboard */; };
		705281FD2642BDCC00EADA30 /* TasksTableViewController.swift in Sources */ = {isa = PBXBuildFile; fileRef = 705281FC2642BDCC00EADA30 /* TasksTableViewController.swift */; };
		705282002642BE6000EADA30 /* TaskTableViewCell.swift in Sources */ = {isa = PBXBuildFile; fileRef = 705281FF2642BE6000EADA30 /* TaskTableViewCell.swift */; };
		705282052642BED900EADA30 /* TaskModel.swift in Sources */ = {isa = PBXBuildFile; fileRef = 705282042642BED900EADA30 /* TaskModel.swift */; };
		7052820C2642D40800EADA30 /* DetailTaskViewController.swift in Sources */ = {isa = PBXBuildFile; fileRef = 7052820B2642D40800EADA30 /* DetailTaskViewController.swift */; };
		70930AD9264EF482007DD10B /* TaskDataModel.xcdatamodeld in Sources */ = {isa = PBXBuildFile; fileRef = 70930AD7264EF482007DD10B /* TaskDataModel.xcdatamodeld */; };
		70930ADD264EF527007DD10B /* Task+CoreDataClass.swift in Sources */ = {isa = PBXBuildFile; fileRef = 70930ADB264EF527007DD10B /* Task+CoreDataClass.swift */; };
		70930ADE264EF527007DD10B /* Task+CoreDataProperties.swift in Sources */ = {isa = PBXBuildFile; fileRef = 70930ADC264EF527007DD10B /* Task+CoreDataProperties.swift */; };
/* End PBXBuildFile section */

/* Begin PBXFileReference section */
		701F649926CE60A7008210B9 /* test.hmap */ = {isa = PBXFileReference; lastKnownFileType = text; path = test.hmap; sourceTree = "<group>"; };
		705281E22642BCFD00EADA30 /* TODOList.app */ = {isa = PBXFileReference; explicitFileType = wrapper.application; includeInIndex = 0; path = TODOList.app; sourceTree = BUILT_PRODUCTS_DIR; };
		705281E52642BCFD00EADA30 /* AppDelegate.swift */ = {isa = PBXFileReference; lastKnownFileType = sourcecode.swift; path = AppDelegate.swift; sourceTree = "<group>"; };
		705281E72642BCFD00EADA30 /* SceneDelegate.swift */ = {isa = PBXFileReference; lastKnownFileType = sourcecode.swift; path = SceneDelegate.swift; sourceTree = "<group>"; };
		705281EC2642BCFD00EADA30 /* Base */ = {isa = PBXFileReference; lastKnownFileType = file.storyboard; name = Base; path = Base.lproj/Main.storyboard; sourceTree = "<group>"; };
		705281EE2642BD0000EADA30 /* Assets.xcassets */ = {isa = PBXFileReference; lastKnownFileType = folder.assetcatalog; path = Assets.xcassets; sourceTree = "<group>"; };
		705281F12642BD0000EADA30 /* Base */ = {isa = PBXFileReference; lastKnownFileType = file.storyboard; name = Base; path = Base.lproj/LaunchScreen.storyboard; sourceTree = "<group>"; };
		705281F32642BD0000EADA30 /* Info.plist */ = {isa = PBXFileReference; lastKnownFileType = text.plist.xml; path = Info.plist; sourceTree = "<group>"; };
		705281FC2642BDCC00EADA30 /* TasksTableViewController.swift */ = {isa = PBXFileReference; lastKnownFileType = sourcecode.swift; path = TasksTableViewController.swift; sourceTree = "<group>"; };
		705281FF2642BE6000EADA30 /* TaskTableViewCell.swift */ = {isa = PBXFileReference; lastKnownFileType = sourcecode.swift; path = TaskTableViewCell.swift; sourceTree = "<group>"; };
		705282042642BED900EADA30 /* TaskModel.swift */ = {isa = PBXFileReference; lastKnownFileType = sourcecode.swift; path = TaskModel.swift; sourceTree = "<group>"; };
		7052820B2642D40800EADA30 /* DetailTaskViewController.swift */ = {isa = PBXFileReference; lastKnownFileType = sourcecode.swift; path = DetailTaskViewController.swift; sourceTree = "<group>"; };
		70930AD8264EF482007DD10B /* TaskDataModel.xcdatamodel */ = {isa = PBXFileReference; lastKnownFileType = wrapper.xcdatamodel; path = TaskDataModel.xcdatamodel; sourceTree = "<group>"; };
		70930ADB264EF527007DD10B /* Task+CoreDataClass.swift */ = {isa = PBXFileReference; lastKnownFileType = sourcecode.swift; name = "Task+CoreDataClass.swift"; path = "TODOList/Task+CoreDataClass.swift"; sourceTree = "<group>"; };
		70930ADC264EF527007DD10B /* Task+CoreDataProperties.swift */ = {isa = PBXFileReference; lastKnownFileType = sourcecode.swift; name = "Task+CoreDataProperties.swift"; path = "TODOList/Task+CoreDataProperties.swift"; sourceTree = "<group>"; };
/* End PBXFileReference section */

/* Begin PBXFrameworksBuildPhase section */
		705281DF2642BCFD00EADA30 /* Frameworks */ = {
			isa = PBXFrameworksBuildPhase;
			buildActionMask = 2147483647;
			files = (
			);
			runOnlyForDeploymentPostprocessing = 0;
		};
/* End PBXFrameworksBuildPhase section */

/* Begin PBXGroup section */
		705281D92642BCFD00EADA30 = {
			isa = PBXGroup;
			children = (
				701F649926CE60A7008210B9 /* test.hmap */,
				70930ADB264EF527007DD10B /* Task+CoreDataClass.swift */,
				70930ADC264EF527007DD10B /* Task+CoreDataProperties.swift */,
				705281E42642BCFD00EADA30 /* TODOList */,
				705281E32642BCFD00EADA30 /* Products */,
			);
			sourceTree = "<group>";
		};
		705281E32642BCFD00EADA30 /* Products */ = {
			isa = PBXGroup;
			children = (
				705281E22642BCFD00EADA30 /* TODOList.app */,
			);
			name = Products;
			sourceTree = "<group>";
		};
		705281E42642BCFD00EADA30 /* TODOList */ = {
			isa = PBXGroup;
			children = (
				705281E52642BCFD00EADA30 /* AppDelegate.swift */,
				705281E72642BCFD00EADA30 /* SceneDelegate.swift */,
				705281FC2642BDCC00EADA30 /* TasksTableViewController.swift */,
				705281FF2642BE6000EADA30 /* TaskTableViewCell.swift */,
				7052820B2642D40800EADA30 /* DetailTaskViewController.swift */,
				705282042642BED900EADA30 /* TaskModel.swift */,
				705281EB2642BCFD00EADA30 /* Main.storyboard */,
				705281EE2642BD0000EADA30 /* Assets.xcassets */,
				705281F02642BD0000EADA30 /* LaunchScreen.storyboard */,
				705281F32642BD0000EADA30 /* Info.plist */,
				70930AD7264EF482007DD10B /* TaskDataModel.xcdatamodeld */,
			);
			path = TODOList;
			sourceTree = "<group>";
		};
/* End PBXGroup section */

/* Begin PBXNativeTarget section */
		705281E12642BCFD00EADA30 /* TODOList */ = {
			isa = PBXNativeTarget;
			buildConfigurationList = 705281F62642BD0000EADA30 /* Build configuration list for PBXNativeTarget "TODOList" */;
			buildPhases = (
				705281DE2642BCFD00EADA30 /* Sources */,
				705281DF2642BCFD00EADA30 /* Frameworks */,
				705281E02642BCFD00EADA30 /* Resources */,
			);
			buildRules = (
			);
			dependencies = (
			);
			name = TODOList;
			productName = TODOList;
			productReference = 705281E22642BCFD00EADA30 /* TODOList.app */;
			productType = "com.apple.product-type.application";
		};
/* End PBXNativeTarget section */

/* Begin PBXProject section */
		705281DA2642BCFD00EADA30 /* Project object */ = {
			isa = PBXProject;
			attributes = {
				LastSwiftUpdateCheck = 1240;
				LastUpgradeCheck = 1240;
				TargetAttributes = {
					705281E12642BCFD00EADA30 = {
						CreatedOnToolsVersion = 12.4;
					};
				};
			};
			buildConfigurationList = 705281DD2642BCFD00EADA30 /* Build configuration list for PBXProject "TODOList" */;
			compatibilityVersion = "Xcode 9.3";
			developmentRegion = en;
			hasScannedForEncodings = 0;
			knownRegions = (
				en,
				Base,
			);
			mainGroup = 705281D92642BCFD00EADA30;
			productRefGroup = 705281E32642BCFD00EADA30 /* Products */;
			projectDirPath = "";
			projectRoot = "";
			targets = (
				705281E12642BCFD00EADA30 /* TODOList */,
			);
		};
/* End PBXProject section */

/* Begin PBXResourcesBuildPhase section */
		705281E02642BCFD00EADA30 /* Resources */ = {
			isa = PBXResourcesBuildPhase;
			buildActionMask = 2147483647;
			files = (
				705281F22642BD0000EADA30 /* LaunchScreen.storyboard in Resources */,
				701F649A26CE60A7008210B9 /* test.hmap in Resources */,
				705281EF2642BD0000EADA30 /* Assets.xcassets in Resources */,
				705281ED2642BCFD00EADA30 /* Main.storyboard in Resources */,
			);
			runOnlyForDeploymentPostprocessing = 0;
		};
/* End PBXResourcesBuildPhase section */

/* Begin PBXSourcesBuildPhase section */
		705281DE2642BCFD00EADA30 /* Sources */ = {
			isa = PBXSourcesBuildPhase;
			buildActionMask = 2147483647;
			files = (
				70930AD9264EF482007DD10B /* TaskDataModel.xcdatamodeld in Sources */,
				70930ADD264EF527007DD10B /* Task+CoreDataClass.swift in Sources */,
				705282002642BE6000EADA30 /* TaskTableViewCell.swift in Sources */,
				7052820C2642D40800EADA30 /* DetailTaskViewController.swift in Sources */,
				705281E62642BCFD00EADA30 /* AppDelegate.swift in Sources */,
				705282052642BED900EADA30 /* TaskModel.swift in Sources */,
				705281FD2642BDCC00EADA30 /* TasksTableViewController.swift in Sources */,
				70930ADE264EF527007DD10B /* Task+CoreDataProperties.swift in Sources */,
				705281E82642BCFD00EADA30 /* SceneDelegate.swift in Sources */,
			);
			runOnlyForDeploymentPostprocessing = 0;
		};
/* End PBXSourcesBuildPhase section */

/* Begin PBXVariantGroup section */
		705281EB2642BCFD00EADA30 /* Main.storyboard */ = {
			isa = PBXVariantGroup;
			children = (
				705281EC2642BCFD00EADA30 /* Base */,
			);
			name = Main.storyboard;
			sourceTree = "<group>";
		};
		705281F02642BD0000EADA30 /* LaunchScreen.storyboard */ = {
			isa = PBXVariantGroup;
			children = (
				705281F12642BD0000EADA30 /* Base */,
			);
			name = LaunchScreen.storyboard;
			sourceTree = "<group>";
		};
/* End PBXVariantGroup section */

/* Begin XCBuildConfiguration section */
		705281F42642BD0000EADA30 /* Debug */ = {
			isa = XCBuildConfiguration;
			buildSettings = {
				ALWAYS_SEARCH_USER_PATHS = NO;
				CLANG_ANALYZER_NONNULL = YES;
				CLANG_ANALYZER_NUMBER_OBJECT_CONVERSION = YES_AGGRESSIVE;
				CLANG_CXX_LANGUAGE_STANDARD = "gnu++14";
				CLANG_CXX_LIBRARY = "libc++";
				CLANG_ENABLE_MODULES = YES;
				CLANG_ENABLE_OBJC_ARC = YES;
				CLANG_ENABLE_OBJC_WEAK = YES;
				CLANG_WARN_BLOCK_CAPTURE_AUTORELEASING = YES;
				CLANG_WARN_BOOL_CONVERSION = YES;
				CLANG_WARN_COMMA = YES;
				CLANG_WARN_CONSTANT_CONVERSION = YES;
				CLANG_WARN_DEPRECATED_OBJC_IMPLEMENTATIONS = YES;
				CLANG_WARN_DIRECT_OBJC_ISA_USAGE = YES_ERROR;
				CLANG_WARN_DOCUMENTATION_COMMENTS = YES;
				CLANG_WARN_EMPTY_BODY = YES;
				CLANG_WARN_ENUM_CONVERSION = YES;
				CLANG_WARN_INFINITE_RECURSION = YES;
				CLANG_WARN_INT_CONVERSION = YES;
				CLANG_WARN_NON_LITERAL_NULL_CONVERSION = YES;
				CLANG_WARN_OBJC_IMPLICIT_RETAIN_SELF = YES;
				CLANG_WARN_OBJC_LITERAL_CONVERSION = YES;
				CLANG_WARN_OBJC_ROOT_CLASS = YES_ERROR;
				CLANG_WARN_QUOTED_INCLUDE_IN_FRAMEWORK_HEADER = YES;
				CLANG_WARN_RANGE_LOOP_ANALYSIS = YES;
				CLANG_WARN_STRICT_PROTOTYPES = YES;
				CLANG_WARN_SUSPICIOUS_MOVE = YES;
				CLANG_WARN_UNGUARDED_AVAILABILITY = YES_AGGRESSIVE;
				CLANG_WARN_UNREACHABLE_CODE = YES;
				CLANG_WARN__DUPLICATE_METHOD_MATCH = YES;
				COPY_PHASE_STRIP = NO;
				DEBUG_INFORMATION_FORMAT = dwarf;
				ENABLE_STRICT_OBJC_MSGSEND = YES;
				ENABLE_TESTABILITY = YES;
				GCC_C_LANGUAGE_STANDARD = gnu11;
				GCC_DYNAMIC_NO_PIC = NO;
				GCC_NO_COMMON_BLOCKS = YES;
				GCC_OPTIMIZATION_LEVEL = 0;
				GCC_PREPROCESSOR_DEFINITIONS = (
					"DEBUG=1",
					"$(inherited)",
				);
				GCC_WARN_64_TO_32_BIT_CONVERSION = YES;
				GCC_WARN_ABOUT_RETURN_TYPE = YES_ERROR;
				GCC_WARN_UNDECLARED_SELECTOR = YES;
				GCC_WARN_UNINITIALIZED_AUTOS = YES_AGGRESSIVE;
				GCC_WARN_UNUSED_FUNCTION = YES;
				GCC_WARN_UNUSED_VARIABLE = YES;
				IPHONEOS_DEPLOYMENT_TARGET = 14.4;
				MTL_ENABLE_DEBUG_INFO = INCLUDE_SOURCE;
				MTL_FAST_MATH = YES;
				ONLY_ACTIVE_ARCH = YES;
				SDKROOT = iphoneos;
				SWIFT_ACTIVE_COMPILATION_CONDITIONS = DEBUG;
				SWIFT_OPTIMIZATION_LEVEL = "-Onone";
			};
			name = Debug;
		};
		705281F52642BD0000EADA30 /* Release */ = {
			isa = XCBuildConfiguration;
			buildSettings = {
				ALWAYS_SEARCH_USER_PATHS = NO;
				CLANG_ANALYZER_NONNULL = YES;
				CLANG_ANALYZER_NUMBER_OBJECT_CONVERSION = YES_AGGRESSIVE;
				CLANG_CXX_LANGUAGE_STANDARD = "gnu++14";
				CLANG_CXX_LIBRARY = "libc++";
				CLANG_ENABLE_MODULES = YES;
				CLANG_ENABLE_OBJC_ARC = YES;
				CLANG_ENABLE_OBJC_WEAK = YES;
				CLANG_WARN_BLOCK_CAPTURE_AUTORELEASING = YES;
				CLANG_WARN_BOOL_CONVERSION = YES;
				CLANG_WARN_COMMA = YES;
				CLANG_WARN_CONSTANT_CONVERSION = YES;
				CLANG_WARN_DEPRECATED_OBJC_IMPLEMENTATIONS = YES;
				CLANG_WARN_DIRECT_OBJC_ISA_USAGE = YES_ERROR;
				CLANG_WARN_DOCUMENTATION_COMMENTS = YES;
				CLANG_WARN_EMPTY_BODY = YES;
				CLANG_WARN_ENUM_CONVERSION = YES;
				CLANG_WARN_INFINITE_RECURSION = YES;
				CLANG_WARN_INT_CONVERSION = YES;
				CLANG_WARN_NON_LITERAL_NULL_CONVERSION = YES;
				CLANG_WARN_OBJC_IMPLICIT_RETAIN_SELF = YES;
				CLANG_WARN_OBJC_LITERAL_CONVERSION = YES;
				CLANG_WARN_OBJC_ROOT_CLASS = YES_ERROR;
				CLANG_WARN_QUOTED_INCLUDE_IN_FRAMEWORK_HEADER = YES;
				CLANG_WARN_RANGE_LOOP_ANALYSIS = YES;
				CLANG_WARN_STRICT_PROTOTYPES = YES;
				CLANG_WARN_SUSPICIOUS_MOVE = YES;
				CLANG_WARN_UNGUARDED_AVAILABILITY = YES_AGGRESSIVE;
				CLANG_WARN_UNREACHABLE_CODE = YES;
				CLANG_WARN__DUPLICATE_METHOD_MATCH = YES;
				COPY_PHASE_STRIP = NO;
				DEBUG_INFORMATION_FORMAT = "dwarf-with-dsym";
				ENABLE_NS_ASSERTIONS = NO;
				ENABLE_STRICT_OBJC_MSGSEND = YES;
				GCC_C_LANGUAGE_STANDARD = gnu11;
				GCC_NO_COMMON_BLOCKS = YES;
				GCC_WARN_64_TO_32_BIT_CONVERSION = YES;
				GCC_WARN_ABOUT_RETURN_TYPE = YES_ERROR;
				GCC_WARN_UNDECLARED_SELECTOR = YES;
				GCC_WARN_UNINITIALIZED_AUTOS = YES_AGGRESSIVE;
				GCC_WARN_UNUSED_FUNCTION = YES;
				GCC_WARN_UNUSED_VARIABLE = YES;
				IPHONEOS_DEPLOYMENT_TARGET = 14.4;
				MTL_ENABLE_DEBUG_INFO = NO;
				MTL_FAST_MATH = YES;
				SDKROOT = iphoneos;
				SWIFT_COMPILATION_MODE = wholemodule;
				SWIFT_OPTIMIZATION_LEVEL = "-O";
				VALIDATE_PRODUCT = YES;
			};
			name = Release;
		};
		705281F72642BD0000EADA30 /* Debug */ = {
			isa = XCBuildConfiguration;
			buildSettings = {
				ASSETCATALOG_COMPILER_APPICON_NAME = AppIcon;
				ASSETCATALOG_COMPILER_GLOBAL_ACCENT_COLOR_NAME = AccentColor;
				CODE_SIGN_STYLE = Automatic;
				DEVELOPMENT_TEAM = 48826GXNFZ;
				INFOPLIST_FILE = TODOList/Info.plist;
				LD_RUNPATH_SEARCH_PATHS = (
					"$(inherited)",
					"@executable_path/Frameworks",
				);
				PRODUCT_BUNDLE_IDENTIFIER = MyTestingApp.TODOList;
				PRODUCT_NAME = "$(TARGET_NAME)";
				SWIFT_VERSION = 5.0;
				TARGETED_DEVICE_FAMILY = 1;
			};
			name = Debug;
		};
		705281F82642BD0000EADA30 /* Release */ = {
			isa = XCBuildConfiguration;
			buildSettings = {
				ASSETCATALOG_COMPILER_APPICON_NAME = AppIcon;
				ASSETCATALOG_COMPILER_GLOBAL_ACCENT_COLOR_NAME = AccentColor;
				CODE_SIGN_STYLE = Automatic;
				DEVELOPMENT_TEAM = 48826GXNFZ;
				INFOPLIST_FILE = TODOList/Info.plist;
				LD_RUNPATH_SEARCH_PATHS = (
					"$(inherited)",
					"@executable_path/Frameworks",
				);
				PRODUCT_BUNDLE_IDENTIFIER = MyTestingApp.TODOList;
				PRODUCT_NAME = "$(TARGET_NAME)";
				SWIFT_VERSION = 5.0;
				TARGETED_DEVICE_FAMILY = 1;
			};
			name = Release;
		};
/* End XCBuildConfiguration section */

/* Begin XCConfigurationList section */
		705281DD2642BCFD00EADA30 /* Build configuration list for PBXProject "TODOList" */ = {
			isa = XCConfigurationList;
			buildConfigurations = (
				705281F42642BD0000EADA30 /* Debug */,
				705281F52642BD0000EADA30 /* Release */,
			);
			defaultConfigurationIsVisible = 0;
			defaultConfigurationName = Release;
		};
		705281F62642BD0000EADA30 /* Build configuration list for PBXNativeTarget "TODOList" */ = {
			isa = XCConfigurationList;
			buildConfigurations = (
				705281F72642BD0000EADA30 /* Debug */,
				705281F82642BD0000EADA30 /* Release */,
			);
			defaultConfigurationIsVisible = 0;
			defaultConfigurationName = Release;
		};
/* End XCConfigurationList section */

/* Begin XCVersionGroup section */
		70930AD7264EF482007DD10B /* TaskDataModel.xcdatamodeld */ = {
			isa = XCVersionGroup;
			children = (
				70930AD8264EF482007DD10B /* TaskDataModel.xcdatamodel */,
			);
			currentVersion = 70930AD8264EF482007DD10B /* TaskDataModel.xcdatamodel */;
			path = TaskDataModel.xcdatamodeld;
			sourceTree = "<group>";
			versionGroupType = wrapper.xcdatamodel;
		};
/* End XCVersionGroup section */
	};
	rootObject = 705281DA2642BCFD00EADA30 /* Project object */;
}
